
Microsoft Visual Studio Solution File, Format Version 12.00
# Visual Studio 15
VisualStudioVersion = 15.0.27130.2010
MinimumVisualStudioVersion = 10.0.40219.1
Project("{9A19103F-16F7-4668-BE54-9A1E7A4F7556}") = "Logen1986.API", "Logen1986.API\Logen1986.API.csproj", "{CB6CC5B3-D19D-455A-9198-534B1BDA46EF}"
EndProject
Project("{E53339B2-1760-4266-BCC7-CA923CBCF16C}") = "docker-compose", "docker-compose.dcproj", "{E0B48615-5CD5-4C19-8312-D3E49A025F7D}"
EndProject
Project("{9A19103F-16F7-4668-BE54-9A1E7A4F7556}") = "Logen1986.Tests", "Logen1986.Tests\Logen1986.Tests.csproj", "{B86AC3A9-DBE9-4901-A26C-C52EBD896DF2}"
EndProject
Global
	GlobalSection(SolutionConfigurationPlatforms) = preSolution
		Debug|Any CPU = Debug|Any CPU
		Release|Any CPU = Release|Any CPU
	EndGlobalSection
	GlobalSection(ProjectConfigurationPlatforms) = postSolution
		{CB6CC5B3-D19D-455A-9198-534B1BDA46EF}.Debug|Any CPU.ActiveCfg = Debug|Any CPU
		{CB6CC5B3-D19D-455A-9198-534B1BDA46EF}.Debug|Any CPU.Build.0 = Debug|Any CPU
		{CB6CC5B3-D19D-455A-9198-534B1BDA46EF}.Release|Any CPU.ActiveCfg = Release|Any CPU
		{CB6CC5B3-D19D-455A-9198-534B1BDA46EF}.Release|Any CPU.Build.0 = Release|Any CPU
		{E0B48615-5CD5-4C19-8312-D3E49A025F7D}.Debug|Any CPU.ActiveCfg = Debug|Any CPU
		{E0B48615-5CD5-4C19-8312-D3E49A025F7D}.Debug|Any CPU.Build.0 = Debug|Any CPU
		{E0B48615-5CD5-4C19-8312-D3E49A025F7D}.Release|Any CPU.ActiveCfg = Release|Any CPU
		{E0B48615-5CD5-4C19-8312-D3E49A025F7D}.Release|Any CPU.Build.0 = Release|Any CPU
		{B86AC3A9-DBE9-4901-A26C-C52EBD896DF2}.Debug|Any CPU.ActiveCfg = Debug|Any CPU
		{B86AC3A9-DBE9-4901-A26C-C52EBD896DF2}.Debug|Any CPU.Build.0 = Debug|Any CPU
		{B86AC3A9-DBE9-4901-A26C-C52EBD896DF2}.Release|Any CPU.ActiveCfg = Release|Any CPU
		{B86AC3A9-DBE9-4901-A26C-C52EBD896DF2}.Release|Any CPU.Build.0 = Release|Any CPU
	EndGlobalSection
	GlobalSection(SolutionProperties) = preSolution
		HideSolutionNode = FALSE
	EndGlobalSection
	GlobalSection(ExtensibilityGlobals) = postSolution
		SolutionGuid = {ADA4FC6C-8DD3-4040-B60D-F973C62DF116}
	EndGlobalSection
EndGlobal
